{
  "name": "@pebbletree/workflow-core",
  "version": "3.2.0",
  "lockfileVersion": 2,
  "requires": true,
  "packages": {
    "": {
      "name": "@pebbletree/workflow-core",
      "version": "3.2.0",
      "license": "MIT",
      "dependencies": {
        "@pebbletree/mvcc-testing": "~2.1.5",
        "@pebbletree/tokenring": "~2.1.5",
        "@types/uuid": "~8.3.0"
      },
      "devDependencies": {
        "@types/node": "~18.19.130",
        "typescript": "~5.9.3",
        "uuid": "~8.3.2"
      }
    },
    "node_modules/@pebbletree/mvcc-testing": {
      "version": "2.1.5",
      "resolved": "https://npm.soho66.com/@pebbletree/mvcc-testing/-/mvcc-testing-2.1.5.tgz",
      "integrity": "sha512-BPu0x1XiQ20zruXVB0XDwKoDpv8GHsIebFKHACbKUWEUvEFIhz7KNUs+9SBvXbuj8FrruI+XbDYN8AtCbV0ijQ==",
      "dependencies": {
        "fdb-tuple": "~1.0.0"
      }
    },
    "node_modules/@pebbletree/tokenring": {
      "version": "2.1.5",
      "resolved": "https://npm.soho66.com/@pebbletree/tokenring/-/tokenring-2.1.5.tgz",
      "integrity": "sha512-iHCfwwR6v0y7kJY9byacecbcRn/OASs5W6dXMfZdNfECioiblndo9IOcOeFgD1c9qGXywT/Lebp8QGy3mQ5Oiw==",
      "dependencies": {
        "@types/node": "~25.5.0",
        "fdb-tuple": "~1.0.0"
      }
    },
    "node_modules/@pebbletree/tokenring/node_modules/@types/node": {
      "version": "25.5.0",
      "resolved": "https://registry.npmjs.org/@types/node/-/node-25.5.0.tgz",
      "integrity": "sha512-jp2P3tQMSxWugkCUKLRPVUpGaL5MVFwF8RDuSRztfwgN1wmqJeMSbKlnEtQqU8UrhTmzEmZdu2I6v2dpp7XIxw==",
      "dependencies": {
        "undici-types": "~7.18.0"
      }
    },
    "node_modules/@pebbletree/tokenring/node_modules/undici-types": {
      "version": "7.18.2",
      "resolved": "https://registry.npmjs.org/undici-types/-/undici-types-7.18.2.tgz",
      "integrity": "sha512-AsuCzffGHJybSaRrmr5eHr81mwJU3kjw6M+uprWvCXiNeN9SOGwQ3Jn8jb8m3Z6izVgknn1R0FTCEAP2QrLY/w=="
    },
    "node_modules/@types/node": {
      "version": "18.19.130",
      "resolved": "https://registry.npmjs.org/@types/node/-/node-18.19.130.tgz",
      "integrity": "sha512-GRaXQx6jGfL8sKfaIDD6OupbIHBr9jv7Jnaml9tB7l4v068PAOXqfcujMMo5PhbIs6ggR1XODELqahT2R8v0fg==",
      "dev": true,
      "dependencies": {
        "undici-types": "~5.26.4"
      }
    },
    "node_modules/@types/uuid": {
      "version": "8.3.4",
      "resolved": "https://registry.npmjs.org/@types/uuid/-/uuid-8.3.4.tgz",
      "integrity": "sha512-c/I8ZRb51j+pYGAu5CrFMRxqZ2ke4y2grEBO5AUjgSkSk+qT2Ea+OdWElz/OiMf5MNpn2b17kuVBwZLQJXzihw=="
    },
    "node_modules/fdb-tuple": {
      "version": "1.0.0",
      "resolved": "https://registry.npmjs.org/fdb-tuple/-/fdb-tuple-1.0.0.tgz",
      "integrity": "sha512-8jSvKPCYCgTpi9Pt87qlfTk6griyMx4Gk3Xv31Dp72Qp8b6XgIyFsMm8KzPmFJ9iJ8K4pGvRxvOS8D0XGnrkjw=="
    },
    "node_modules/typescript": {
      "version": "5.9.3",
      "resolved": "https://registry.npmjs.org/typescript/-/typescript-5.9.3.tgz",
      "integrity": "sha512-jl1vZzPDinLr9eUt3J/t7V6FgNEw9QjvBPdysz9KfQDD41fQrC2Y4vKQdiaUpFT4bXlb1RHhLpp8wtm6M5TgSw==",
      "dev": true,
      "bin": {
        "tsc": "bin/tsc",
        "tsserver": "bin/tsserver"
      },
      "engines": {
        "node": ">=14.17"
      }
    },
    "node_modules/undici-types": {
      "version": "5.26.5",
      "resolved": "https://registry.npmjs.org/undici-types/-/undici-types-5.26.5.tgz",
      "integrity": "sha512-JlCMO+ehdEIKqlFxk6IfVoAUVmgz7cU7zD/h9XZ0qzeosSHmUJVOzSQvvYSYWXkFXC+IfLKSIffhv0sVZup6pA==",
      "dev": true
    },
    "node_modules/uuid": {
      "version": "8.3.2",
      "resolved": "https://registry.npmjs.org/uuid/-/uuid-8.3.2.tgz",
      "integrity": "sha512-+NYs2QeMWy+GWFOEm9xnn6HCDp0l7QBD7ml8zLUmJ+93Q5NF0NocErnwkTkXVFNiX3/fpC6afS8Dhb/gz7R7eg==",
      "dev": true,
      "bin": {
        "uuid": "dist/bin/uuid"
      }
    }
  },
  "dependencies": {
    "@pebbletree/mvcc-testing": {
      "version": "2.1.5",
      "resolved": "https://npm.soho66.com/@pebbletree/mvcc-testing/-/mvcc-testing-2.1.5.tgz",
      "integrity": "sha512-BPu0x1XiQ20zruXVB0XDwKoDpv8GHsIebFKHACbKUWEUvEFIhz7KNUs+9SBvXbuj8FrruI+XbDYN8AtCbV0ijQ==",
      "requires": {
        "fdb-tuple": "~1.0.0"
      }
    },
    "@pebbletree/tokenring": {
      "version": "2.1.5",
      "resolved": "https://npm.soho66.com/@pebbletree/tokenring/-/tokenring-2.1.5.tgz",
      "integrity": "sha512-iHCfwwR6v0y7kJY9byacecbcRn/OASs5W6dXMfZdNfECioiblndo9IOcOeFgD1c9qGXywT/Lebp8QGy3mQ5Oiw==",
      "requires": {
        "@types/node": "~25.5.0",
        "fdb-tuple": "~1.0.0"
      },
      "dependencies": {
        "@types/node": {
          "version": "25.5.0",
          "resolved": "https://registry.npmjs.org/@types/node/-/node-25.5.0.tgz",
          "integrity": "sha512-jp2P3tQMSxWugkCUKLRPVUpGaL5MVFwF8RDuSRztfwgN1wmqJeMSbKlnEtQqU8UrhTmzEmZdu2I6v2dpp7XIxw==",
          "requires": {
            "undici-types": "~7.18.0"
          }
        },
        "undici-types": {
          "version": "7.18.2",
          "resolved": "https://registry.npmjs.org/undici-types/-/undici-types-7.18.2.tgz",
          "integrity": "sha512-AsuCzffGHJybSaRrmr5eHr81mwJU3kjw6M+uprWvCXiNeN9SOGwQ3Jn8jb8m3Z6izVgknn1R0FTCEAP2QrLY/w=="
        }
      }
    },
    "@types/node": {
      "version": "18.19.130",
      "resolved": "https://registry.npmjs.org/@types/node/-/node-18.19.130.tgz",
      "integrity": "sha512-GRaXQx6jGfL8sKfaIDD6OupbIHBr9jv7Jnaml9tB7l4v068PAOXqfcujMMo5PhbIs6ggR1XODELqahT2R8v0fg==",
      "dev": true,
      "requires": {
        "undici-types": "~5.26.4"
      }
    },
    "@types/uuid": {
      "version": "8.3.4",
      "resolved": "https://registry.npmjs.org/@types/uuid/-/uuid-8.3.4.tgz",
      "integrity": "sha512-c/I8ZRb51j+pYGAu5CrFMRxqZ2ke4y2grEBO5AUjgSkSk+qT2Ea+OdWElz/OiMf5MNpn2b17kuVBwZLQJXzihw=="
    },
    "fdb-tuple": {
      "version": "1.0.0",
      "resolved": "https://registry.npmjs.org/fdb-tuple/-/fdb-tuple-1.0.0.tgz",
      "integrity": "sha512-8jSvKPCYCgTpi9Pt87qlfTk6griyMx4Gk3Xv31Dp72Qp8b6XgIyFsMm8KzPmFJ9iJ8K4pGvRxvOS8D0XGnrkjw=="
    },
    "typescript": {
      "version": "5.9.3",
      "resolved": "https://registry.npmjs.org/typescript/-/typescript-5.9.3.tgz",
      "integrity": "sha512-jl1vZzPDinLr9eUt3J/t7V6FgNEw9QjvBPdysz9KfQDD41fQrC2Y4vKQdiaUpFT4bXlb1RHhLpp8wtm6M5TgSw==",
      "dev": true
    },
    "undici-types": {
      "version": "5.26.5",
      "resolved": "https://registry.npmjs.org/undici-types/-/undici-types-5.26.5.tgz",
      "integrity": "sha512-JlCMO+ehdEIKqlFxk6IfVoAUVmgz7cU7zD/h9XZ0qzeosSHmUJVOzSQvvYSYWXkFXC+IfLKSIffhv0sVZup6pA==",
      "dev": true
    },
    "uuid": {
      "version": "8.3.2",
      "resolved": "https://registry.npmjs.org/uuid/-/uuid-8.3.2.tgz",
      "integrity": "sha512-+NYs2QeMWy+GWFOEm9xnn6HCDp0l7QBD7ml8zLUmJ+93Q5NF0NocErnwkTkXVFNiX3/fpC6afS8Dhb/gz7R7eg==",
      "dev": true
    }
  }
}
